
Microsoft Visual Studio Solution File, Format Version 12.00
# Visual Studio 2015
Project("{FAE04EC0-301F-11D3-BF4B-00C04F79EFBC}") = "A Grave Situation.CSharp.Plugins", "A Grave Situation.CSharp.Plugins.csproj", "{3E135E15-2F8D-40EC-7A9F-BE095CE468A8}"
EndProject
Project("{FAE04EC0-301F-11D3-BF4B-00C04F79EFBC}") = "A Grave Situation.CSharp", "A Grave Situation.CSharp.csproj", "{D4BC6EFC-119C-6468-2D60-E5B1437F1360}"
EndProject
Project("{FAE04EC0-301F-11D3-BF4B-00C04F79EFBC}") = "A Grave Situation.CSharp.Editor", "A Grave Situation.CSharp.Editor.csproj", "{B0D827C2-B42E-EB44-A12D-0CCA8B5FA37C}"
EndProject
Global
	GlobalSection(SolutionConfigurationPlatforms) = preSolution
		Debug|Any CPU = Debug|Any CPU
		Release|Any CPU = Release|Any CPU
	EndGlobalSection
	GlobalSection(ProjectConfigurationPlatforms) = postSolution
		{3E135E15-2F8D-40EC-7A9F-BE095CE468A8}.Debug|Any CPU.ActiveCfg = Debug|Any CPU
		{3E135E15-2F8D-40EC-7A9F-BE095CE468A8}.Debug|Any CPU.Build.0 = Debug|Any CPU
		{3E135E15-2F8D-40EC-7A9F-BE095CE468A8}.Release|Any CPU.ActiveCfg = Release|Any CPU
		{3E135E15-2F8D-40EC-7A9F-BE095CE468A8}.Release|Any CPU.Build.0 = Release|Any CPU
		{D4BC6EFC-119C-6468-2D60-E5B1437F1360}.Debug|Any CPU.ActiveCfg = Debug|Any CPU
		{D4BC6EFC-119C-6468-2D60-E5B1437F1360}.Debug|Any CPU.Build.0 = Debug|Any CPU
		{D4BC6EFC-119C-6468-2D60-E5B1437F1360}.Release|Any CPU.ActiveCfg = Release|Any CPU
		{D4BC6EFC-119C-6468-2D60-E5B1437F1360}.Release|Any CPU.Build.0 = Release|Any CPU
		{B0D827C2-B42E-EB44-A12D-0CCA8B5FA37C}.Debug|Any CPU.ActiveCfg = Debug|Any CPU
		{B0D827C2-B42E-EB44-A12D-0CCA8B5FA37C}.Debug|Any CPU.Build.0 = Debug|Any CPU
		{B0D827C2-B42E-EB44-A12D-0CCA8B5FA37C}.Release|Any CPU.ActiveCfg = Release|Any CPU
		{B0D827C2-B42E-EB44-A12D-0CCA8B5FA37C}.Release|Any CPU.Build.0 = Release|Any CPU
	EndGlobalSection
	GlobalSection(SolutionProperties) = preSolution
		HideSolutionNode = FALSE
	EndGlobalSection
EndGlobal
